
Microsoft Visual Studio Solution File, Format Version 12.00
# Visual Studio Version 16
VisualStudioVersion = 16.0.31321.278
MinimumVisualStudioVersion = 10.0.40219.1
Project("{9A19103F-16F7-4668-BE54-9A1E7A4F7556}") = "IntenseWizardy_ShadowsOfVeilstorm", "IntenseWizardy_ShadowsOfVeilstorm.csproj", "{CD3DC941-151C-49BE-882B-9063623E895B}"
EndProject
Global
	GlobalSection(SolutionConfigurationPlatforms) = preSolution
		Debug|Any CPU = Debug|Any CPU
		Release|Any CPU = Release|Any CPU
	EndGlobalSection
	GlobalSection(ProjectConfigurationPlatforms) = postSolution
		{CD3DC941-151C-49BE-882B-9063623E895B}.Debug|Any CPU.ActiveCfg = Debug|Any CPU
		{CD3DC941-151C-49BE-882B-9063623E895B}.Debug|Any CPU.Build.0 = Debug|Any CPU
		{CD3DC941-151C-49BE-882B-9063623E895B}.Release|Any CPU.ActiveCfg = Release|Any CPU
		{CD3DC941-151C-49BE-882B-9063623E895B}.Release|Any CPU.Build.0 = Release|Any CPU
	EndGlobalSection
	GlobalSection(SolutionProperties) = preSolution
		HideSolutionNode = FALSE
	EndGlobalSection
	GlobalSection(ExtensibilityGlobals) = postSolution
		SolutionGuid = {5D02B648-BFD7-4813-97B1-DEA1C0C237DC}
	EndGlobalSection
EndGlobal
